// !$*UTF8*$!
{
	archiveVersion = 1;
	classes = {
	};
	objectVersion = 56;
	objects = {

/* Begin PBXBuildFile section */
		6669F3952967DF5700DD9371 /* AppDelegate.swift in Sources */ = {isa = PBXBuildFile; fileRef = 6669F3942967DF5700DD9371 /* AppDelegate.swift */; };
		6669F3972967DF5700DD9371 /* SceneDelegate.swift in Sources */ = {isa = PBXBuildFile; fileRef = 6669F3962967DF5700DD9371 /* SceneDelegate.swift */; };
		6669F3992967DF5700DD9371 /* TabBarController.swift in Sources */ = {isa = PBXBuildFile; fileRef = 6669F3982967DF5700DD9371 /* TabBarController.swift */; };
		6669F39E2967DF5800DD9371 /* Assets.xcassets in Resources */ = {isa = PBXBuildFile; fileRef = 6669F39D2967DF5800DD9371 /* Assets.xcassets */; };
		6669F3A12967DF5800DD9371 /* LaunchScreen.storyboard in Resources */ = {isa = PBXBuildFile; fileRef = 6669F39F2967DF5800DD9371 /* LaunchScreen.storyboard */; };
		6669F3A92967DFE200DD9371 /* UIColor+.swift in Sources */ = {isa = PBXBuildFile; fileRef = 6669F3A82967DFE200DD9371 /* UIColor+.swift */; };
		6669F3AD2967E0CC00DD9371 /* TranslateView.swift in Sources */ = {isa = PBXBuildFile; fileRef = 6669F3AC2967E0CC00DD9371 /* TranslateView.swift */; };
		6669F3AF2967E0D300DD9371 /* TranslateViewModel.swift in Sources */ = {isa = PBXBuildFile; fileRef = 6669F3AE2967E0D300DD9371 /* TranslateViewModel.swift */; };
		73722D02A58EE95A2634D944 /* Pods_TranslateApplication.framework in Frameworks */ = {isa = PBXBuildFile; fileRef = CECEFA51FA182F8BC455BB48 /* Pods_TranslateApplication.framework */; };
/* End PBXBuildFile section */

/* Begin PBXFileReference section */
		5273A8932DF79E5B1F9B1613 /* Pods-TranslateApplication.release.xcconfig */ = {isa = PBXFileReference; includeInIndex = 1; lastKnownFileType = text.xcconfig; name = "Pods-TranslateApplication.release.xcconfig"; path = "Target Support Files/Pods-TranslateApplication/Pods-TranslateApplication.release.xcconfig"; sourceTree = "<group>"; };
		6669F3912967DF5700DD9371 /* TranslateApplication.app */ = {isa = PBXFileReference; explicitFileType = wrapper.application; includeInIndex = 0; path = TranslateApplication.app; sourceTree = BUILT_PRODUCTS_DIR; };
		6669F3942967DF5700DD9371 /* AppDelegate.swift */ = {isa = PBXFileReference; lastKnownFileType = sourcecode.swift; path = AppDelegate.swift; sourceTree = "<group>"; };
		6669F3962967DF5700DD9371 /* SceneDelegate.swift */ = {isa = PBXFileReference; lastKnownFileType = sourcecode.swift; path = SceneDelegate.swift; sourceTree = "<group>"; };
		6669F3982967DF5700DD9371 /* TabBarController.swift */ = {isa = PBXFileReference; lastKnownFileType = sourcecode.swift; path = TabBarController.swift; sourceTree = "<group>"; };
		6669F39D2967DF5800DD9371 /* Assets.xcassets */ = {isa = PBXFileReference; lastKnownFileType = folder.assetcatalog; path = Assets.xcassets; sourceTree = "<group>"; };
		6669F3A02967DF5800DD9371 /* Base */ = {isa = PBXFileReference; lastKnownFileType = file.storyboard; name = Base; path = Base.lproj/LaunchScreen.storyboard; sourceTree = "<group>"; };
		6669F3A22967DF5800DD9371 /* Info.plist */ = {isa = PBXFileReference; lastKnownFileType = text.plist.xml; path = Info.plist; sourceTree = "<group>"; };
		6669F3A82967DFE200DD9371 /* UIColor+.swift */ = {isa = PBXFileReference; lastKnownFileType = sourcecode.swift; path = "UIColor+.swift"; sourceTree = "<group>"; };
		6669F3AC2967E0CC00DD9371 /* TranslateView.swift */ = {isa = PBXFileReference; lastKnownFileType = sourcecode.swift; path = TranslateView.swift; sourceTree = "<group>"; };
		6669F3AE2967E0D300DD9371 /* TranslateViewModel.swift */ = {isa = PBXFileReference; lastKnownFileType = sourcecode.swift; path = TranslateViewModel.swift; sourceTree = "<group>"; };
		7D182F53F709AC167E49EBBD /* Pods-TranslateApplication.debug.xcconfig */ = {isa = PBXFileReference; includeInIndex = 1; lastKnownFileType = text.xcconfig; name = "Pods-TranslateApplication.debug.xcconfig"; path = "Target Support Files/Pods-TranslateApplication/Pods-TranslateApplication.debug.xcconfig"; sourceTree = "<group>"; };
		CECEFA51FA182F8BC455BB48 /* Pods_TranslateApplication.framework */ = {isa = PBXFileReference; explicitFileType = wrapper.framework; includeInIndex = 0; path = Pods_TranslateApplication.framework; sourceTree = BUILT_PRODUCTS_DIR; };
/* End PBXFileReference section */

/* Begin PBXFrameworksBuildPhase section */
		6669F38E2967DF5700DD9371 /* Frameworks */ = {
			isa = PBXFrameworksBuildPhase;
			buildActionMask = 2147483647;
			files = (
				73722D02A58EE95A2634D944 /* Pods_TranslateApplication.framework in Frameworks */,
			);
			runOnlyForDeploymentPostprocessing = 0;
		};
/* End PBXFrameworksBuildPhase section */

/* Begin PBXGroup section */
		1A586963B73DF83BEAE34748 /* Pods */ = {
			isa = PBXGroup;
			children = (
				7D182F53F709AC167E49EBBD /* Pods-TranslateApplication.debug.xcconfig */,
				5273A8932DF79E5B1F9B1613 /* Pods-TranslateApplication.release.xcconfig */,
			);
			name = Pods;
			path = Pods;
			sourceTree = "<group>";
		};
		54117D55E13E5042BE736EE1 /* Frameworks */ = {
			isa = PBXGroup;
			children = (
				CECEFA51FA182F8BC455BB48 /* Pods_TranslateApplication.framework */,
			);
			name = Frameworks;
			sourceTree = "<group>";
		};
		6669F3882967DF5700DD9371 = {
			isa = PBXGroup;
			children = (
				6669F3932967DF5700DD9371 /* TranslateApplication */,
				6669F3922967DF5700DD9371 /* Products */,
				1A586963B73DF83BEAE34748 /* Pods */,
				54117D55E13E5042BE736EE1 /* Frameworks */,
			);
			sourceTree = "<group>";
		};
		6669F3922967DF5700DD9371 /* Products */ = {
			isa = PBXGroup;
			children = (
				6669F3912967DF5700DD9371 /* TranslateApplication.app */,
			);
			name = Products;
			sourceTree = "<group>";
		};
		6669F3932967DF5700DD9371 /* TranslateApplication */ = {
			isa = PBXGroup;
			children = (
				6669F3942967DF5700DD9371 /* AppDelegate.swift */,
				6669F3962967DF5700DD9371 /* SceneDelegate.swift */,
				6669F3AA2967E00200DD9371 /* Extension */,
				6669F3AB2967E00700DD9371 /* Presentation */,
				6669F39D2967DF5800DD9371 /* Assets.xcassets */,
				6669F39F2967DF5800DD9371 /* LaunchScreen.storyboard */,
				6669F3A22967DF5800DD9371 /* Info.plist */,
			);
			path = TranslateApplication;
			sourceTree = "<group>";
		};
		6669F3AA2967E00200DD9371 /* Extension */ = {
			isa = PBXGroup;
			children = (
				6669F3A82967DFE200DD9371 /* UIColor+.swift */,
			);
			path = Extension;
			sourceTree = "<group>";
		};
		6669F3AB2967E00700DD9371 /* Presentation */ = {
			isa = PBXGroup;
			children = (
				6669F3982967DF5700DD9371 /* TabBarController.swift */,
				6669F3B02967E0DE00DD9371 /* Translate */,
			);
			path = Presentation;
			sourceTree = "<group>";
		};
		6669F3B02967E0DE00DD9371 /* Translate */ = {
			isa = PBXGroup;
			children = (
				6669F3AC2967E0CC00DD9371 /* TranslateView.swift */,
				6669F3AE2967E0D300DD9371 /* TranslateViewModel.swift */,
			);
			path = Translate;
			sourceTree = "<group>";
		};
/* End PBXGroup section */

/* Begin PBXNativeTarget section */
		6669F3902967DF5700DD9371 /* TranslateApplication */ = {
			isa = PBXNativeTarget;
			buildConfigurationList = 6669F3A52967DF5800DD9371 /* Build configuration list for PBXNativeTarget "TranslateApplication" */;
			buildPhases = (
				1F5A1CAB8003874ACF39CA23 /* [CP] Check Pods Manifest.lock */,
				6669F38D2967DF5700DD9371 /* Sources */,
				6669F38E2967DF5700DD9371 /* Frameworks */,
				6669F38F2967DF5700DD9371 /* Resources */,
				DA90BA3002FC7B7DCAD9D776 /* [CP] Embed Pods Frameworks */,
			);
			buildRules = (
			);
			dependencies = (
			);
			name = TranslateApplication;
			productName = TranslateApplication;
			productReference = 6669F3912967DF5700DD9371 /* TranslateApplication.app */;
			productType = "com.apple.product-type.application";
		};
/* End PBXNativeTarget section */

/* Begin PBXProject section */
		6669F3892967DF5700DD9371 /* Project object */ = {
			isa = PBXProject;
			attributes = {
				BuildIndependentTargetsInParallel = 1;
				LastSwiftUpdateCheck = 1420;
				LastUpgradeCheck = 1420;
				TargetAttributes = {
					6669F3902967DF5700DD9371 = {
						CreatedOnToolsVersion = 14.2;
					};
				};
			};
			buildConfigurationList = 6669F38C2967DF5700DD9371 /* Build configuration list for PBXProject "TranslateApplication" */;
			compatibilityVersion = "Xcode 14.0";
			developmentRegion = en;
			hasScannedForEncodings = 0;
			knownRegions = (
				en,
				Base,
			);
			mainGroup = 6669F3882967DF5700DD9371;
			productRefGroup = 6669F3922967DF5700DD9371 /* Products */;
			projectDirPath = "";
			projectRoot = "";
			targets = (
				6669F3902967DF5700DD9371 /* TranslateApplication */,
			);
		};
/* End PBXProject section */

/* Begin PBXResourcesBuildPhase section */
		6669F38F2967DF5700DD9371 /* Resources */ = {
			isa = PBXResourcesBuildPhase;
			buildActionMask = 2147483647;
			files = (
				6669F3A12967DF5800DD9371 /* LaunchScreen.storyboard in Resources */,
				6669F39E2967DF5800DD9371 /* Assets.xcassets in Resources */,
			);
			runOnlyForDeploymentPostprocessing = 0;
		};
/* End PBXResourcesBuildPhase section */

/* Begin PBXShellScriptBuildPhase section */
		1F5A1CAB8003874ACF39CA23 /* [CP] Check Pods Manifest.lock */ = {
			isa = PBXShellScriptBuildPhase;
			buildActionMask = 2147483647;
			files = (
			);
			inputFileListPaths = (
			);
			inputPaths = (
				"${PODS_PODFILE_DIR_PATH}/Podfile.lock",
				"${PODS_ROOT}/Manifest.lock",
			);
			name = "[CP] Check Pods Manifest.lock";
			outputFileListPaths = (
			);
			outputPaths = (
				"$(DERIVED_FILE_DIR)/Pods-TranslateApplication-checkManifestLockResult.txt",
			);
			runOnlyForDeploymentPostprocessing = 0;
			shellPath = /bin/sh;
			shellScript = "diff \"${PODS_PODFILE_DIR_PATH}/Podfile.lock\" \"${PODS_ROOT}/Manifest.lock\" > /dev/null\nif [ $? != 0 ] ; then\n    # print error to STDERR\n    echo \"error: The sandbox is not in sync with the Podfile.lock. Run 'pod install' or update your CocoaPods installation.\" >&2\n    exit 1\nfi\n# This output is used by Xcode 'outputs' to avoid re-running this script phase.\necho \"SUCCESS\" > \"${SCRIPT_OUTPUT_FILE_0}\"\n";
			showEnvVarsInLog = 0;
		};
		DA90BA3002FC7B7DCAD9D776 /* [CP] Embed Pods Frameworks */ = {
			isa = PBXShellScriptBuildPhase;
			buildActionMask = 2147483647;
			files = (
			);
			inputFileListPaths = (
				"${PODS_ROOT}/Target Support Files/Pods-TranslateApplication/Pods-TranslateApplication-frameworks-${CONFIGURATION}-input-files.xcfilelist",
			);
			name = "[CP] Embed Pods Frameworks";
			outputFileListPaths = (
				"${PODS_ROOT}/Target Support Files/Pods-TranslateApplication/Pods-TranslateApplication-frameworks-${CONFIGURATION}-output-files.xcfilelist",
			);
			runOnlyForDeploymentPostprocessing = 0;
			shellPath = /bin/sh;
			shellScript = "\"${PODS_ROOT}/Target Support Files/Pods-TranslateApplication/Pods-TranslateApplication-frameworks.sh\"\n";
			showEnvVarsInLog = 0;
		};
/* End PBXShellScriptBuildPhase section */

/* Begin PBXSourcesBuildPhase section */
		6669F38D2967DF5700DD9371 /* Sources */ = {
			isa = PBXSourcesBuildPhase;
			buildActionMask = 2147483647;
			files = (
				6669F3AD2967E0CC00DD9371 /* TranslateView.swift in Sources */,
				6669F3992967DF5700DD9371 /* TabBarController.swift in Sources */,
				6669F3A92967DFE200DD9371 /* UIColor+.swift in Sources */,
				6669F3AF2967E0D300DD9371 /* TranslateViewModel.swift in Sources */,
				6669F3952967DF5700DD9371 /* AppDelegate.swift in Sources */,
				6669F3972967DF5700DD9371 /* SceneDelegate.swift in Sources */,
			);
			runOnlyForDeploymentPostprocessing = 0;
		};
/* End PBXSourcesBuildPhase section */

/* Begin PBXVariantGroup section */
		6669F39F2967DF5800DD9371 /* LaunchScreen.storyboard */ = {
			isa = PBXVariantGroup;
			children = (
				6669F3A02967DF5800DD9371 /* Base */,
			);
			name = LaunchScreen.storyboard;
			sourceTree = "<group>";
		};
/* End PBXVariantGroup section */

/* Begin XCBuildConfiguration section */
		6669F3A32967DF5800DD9371 /* Debug */ = {
			isa = XCBuildConfiguration;
			buildSettings = {
				ALWAYS_SEARCH_USER_PATHS = NO;
				CLANG_ANALYZER_NONNULL = YES;
				CLANG_ANALYZER_NUMBER_OBJECT_CONVERSION = YES_AGGRESSIVE;
				CLANG_CXX_LANGUAGE_STANDARD = "gnu++20";
				CLANG_ENABLE_MODULES = YES;
				CLANG_ENABLE_OBJC_ARC = YES;
				CLANG_ENABLE_OBJC_WEAK = YES;
				CLANG_WARN_BLOCK_CAPTURE_AUTORELEASING = YES;
				CLANG_WARN_BOOL_CONVERSION = YES;
				CLANG_WARN_COMMA = YES;
				CLANG_WARN_CONSTANT_CONVERSION = YES;
				CLANG_WARN_DEPRECATED_OBJC_IMPLEMENTATIONS = YES;
				CLANG_WARN_DIRECT_OBJC_ISA_USAGE = YES_ERROR;
				CLANG_WARN_DOCUMENTATION_COMMENTS = YES;
				CLANG_WARN_EMPTY_BODY = YES;
				CLANG_WARN_ENUM_CONVERSION = YES;
				CLANG_WARN_INFINITE_RECURSION = YES;
				CLANG_WARN_INT_CONVERSION = YES;
				CLANG_WARN_NON_LITERAL_NULL_CONVERSION = YES;
				CLANG_WARN_OBJC_IMPLICIT_RETAIN_SELF = YES;
				CLANG_WARN_OBJC_LITERAL_CONVERSION = YES;
				CLANG_WARN_OBJC_ROOT_CLASS = YES_ERROR;
				CLANG_WARN_QUOTED_INCLUDE_IN_FRAMEWORK_HEADER = YES;
				CLANG_WARN_RANGE_LOOP_ANALYSIS = YES;
				CLANG_WARN_STRICT_PROTOTYPES = YES;
				CLANG_WARN_SUSPICIOUS_MOVE = YES;
				CLANG_WARN_UNGUARDED_AVAILABILITY = YES_AGGRESSIVE;
				CLANG_WARN_UNREACHABLE_CODE = YES;
				CLANG_WARN__DUPLICATE_METHOD_MATCH = YES;
				COPY_PHASE_STRIP = NO;
				DEBUG_INFORMATION_FORMAT = dwarf;
				ENABLE_STRICT_OBJC_MSGSEND = YES;
				ENABLE_TESTABILITY = YES;
				GCC_C_LANGUAGE_STANDARD = gnu11;
				GCC_DYNAMIC_NO_PIC = NO;
				GCC_NO_COMMON_BLOCKS = YES;
				GCC_OPTIMIZATION_LEVEL = 0;
				GCC_PREPROCESSOR_DEFINITIONS = (
					"DEBUG=1",
					"$(inherited)",
				);
				GCC_WARN_64_TO_32_BIT_CONVERSION = YES;
				GCC_WARN_ABOUT_RETURN_TYPE = YES_ERROR;
				GCC_WARN_UNDECLARED_SELECTOR = YES;
				GCC_WARN_UNINITIALIZED_AUTOS = YES_AGGRESSIVE;
				GCC_WARN_UNUSED_FUNCTION = YES;
				GCC_WARN_UNUSED_VARIABLE = YES;
				IPHONEOS_DEPLOYMENT_TARGET = 16.2;
				MTL_ENABLE_DEBUG_INFO = INCLUDE_SOURCE;
				MTL_FAST_MATH = YES;
				ONLY_ACTIVE_ARCH = YES;
				SDKROOT = iphoneos;
				SWIFT_ACTIVE_COMPILATION_CONDITIONS = DEBUG;
				SWIFT_OPTIMIZATION_LEVEL = "-Onone";
			};
			name = Debug;
		};
		6669F3A42967DF5800DD9371 /* Release */ = {
			isa = XCBuildConfiguration;
			buildSettings = {
				ALWAYS_SEARCH_USER_PATHS = NO;
				CLANG_ANALYZER_NONNULL = YES;
				CLANG_ANALYZER_NUMBER_OBJECT_CONVERSION = YES_AGGRESSIVE;
				CLANG_CXX_LANGUAGE_STANDARD = "gnu++20";
				CLANG_ENABLE_MODULES = YES;
				CLANG_ENABLE_OBJC_ARC = YES;
				CLANG_ENABLE_OBJC_WEAK = YES;
				CLANG_WARN_BLOCK_CAPTURE_AUTORELEASING = YES;
				CLANG_WARN_BOOL_CONVERSION = YES;
				CLANG_WARN_COMMA = YES;
				CLANG_WARN_CONSTANT_CONVERSION = YES;
				CLANG_WARN_DEPRECATED_OBJC_IMPLEMENTATIONS = YES;
				CLANG_WARN_DIRECT_OBJC_ISA_USAGE = YES_ERROR;
				CLANG_WARN_DOCUMENTATION_COMMENTS = YES;
				CLANG_WARN_EMPTY_BODY = YES;
				CLANG_WARN_ENUM_CONVERSION = YES;
				CLANG_WARN_INFINITE_RECURSION = YES;
				CLANG_WARN_INT_CONVERSION = YES;
				CLANG_WARN_NON_LITERAL_NULL_CONVERSION = YES;
				CLANG_WARN_OBJC_IMPLICIT_RETAIN_SELF = YES;
				CLANG_WARN_OBJC_LITERAL_CONVERSION = YES;
				CLANG_WARN_OBJC_ROOT_CLASS = YES_ERROR;
				CLANG_WARN_QUOTED_INCLUDE_IN_FRAMEWORK_HEADER = YES;
				CLANG_WARN_RANGE_LOOP_ANALYSIS = YES;
				CLANG_WARN_STRICT_PROTOTYPES = YES;
				CLANG_WARN_SUSPICIOUS_MOVE = YES;
				CLANG_WARN_UNGUARDED_AVAILABILITY = YES_AGGRESSIVE;
				CLANG_WARN_UNREACHABLE_CODE = YES;
				CLANG_WARN__DUPLICATE_METHOD_MATCH = YES;
				COPY_PHASE_STRIP = NO;
				DEBUG_INFORMATION_FORMAT = "dwarf-with-dsym";
				ENABLE_NS_ASSERTIONS = NO;
				ENABLE_STRICT_OBJC_MSGSEND = YES;
				GCC_C_LANGUAGE_STANDARD = gnu11;
				GCC_NO_COMMON_BLOCKS = YES;
				GCC_WARN_64_TO_32_BIT_CONVERSION = YES;
				GCC_WARN_ABOUT_RETURN_TYPE = YES_ERROR;
				GCC_WARN_UNDECLARED_SELECTOR = YES;
				GCC_WARN_UNINITIALIZED_AUTOS = YES_AGGRESSIVE;
				GCC_WARN_UNUSED_FUNCTION = YES;
				GCC_WARN_UNUSED_VARIABLE = YES;
				IPHONEOS_DEPLOYMENT_TARGET = 16.2;
				MTL_ENABLE_DEBUG_INFO = NO;
				MTL_FAST_MATH = YES;
				SDKROOT = iphoneos;
				SWIFT_COMPILATION_MODE = wholemodule;
				SWIFT_OPTIMIZATION_LEVEL = "-O";
				VALIDATE_PRODUCT = YES;
			};
			name = Release;
		};
		6669F3A62967DF5800DD9371 /* Debug */ = {
			isa = XCBuildConfiguration;
			baseConfigurationReference = 7D182F53F709AC167E49EBBD /* Pods-TranslateApplication.debug.xcconfig */;
			buildSettings = {
				ASSETCATALOG_COMPILER_APPICON_NAME = AppIcon;
				ASSETCATALOG_COMPILER_GLOBAL_ACCENT_COLOR_NAME = AccentColor;
				CODE_SIGN_STYLE = Automatic;
				CURRENT_PROJECT_VERSION = 1;
				DEVELOPMENT_TEAM = VW2UR5Y845;
				GENERATE_INFOPLIST_FILE = YES;
				INFOPLIST_FILE = TranslateApplication/Info.plist;
				INFOPLIST_KEY_UIApplicationSupportsIndirectInputEvents = YES;
				INFOPLIST_KEY_UILaunchStoryboardName = LaunchScreen;
				INFOPLIST_KEY_UISupportedInterfaceOrientations_iPad = "UIInterfaceOrientationPortrait UIInterfaceOrientationPortraitUpsideDown UIInterfaceOrientationLandscapeLeft UIInterfaceOrientationLandscapeRight";
				INFOPLIST_KEY_UISupportedInterfaceOrientations_iPhone = "UIInterfaceOrientationPortrait UIInterfaceOrientationLandscapeLeft UIInterfaceOrientationLandscapeRight";
				LD_RUNPATH_SEARCH_PATHS = (
					"$(inherited)",
					"@executable_path/Frameworks",
				);
				MARKETING_VERSION = 1.0;
				PRODUCT_BUNDLE_IDENTIFIER = com.junhyeok.TranslateApplication;
				PRODUCT_NAME = "$(TARGET_NAME)";
				SWIFT_EMIT_LOC_STRINGS = YES;
				SWIFT_VERSION = 5.0;
				TARGETED_DEVICE_FAMILY = "1,2";
			};
			name = Debug;
		};
		6669F3A72967DF5800DD9371 /* Release */ = {
			isa = XCBuildConfiguration;
			baseConfigurationReference = 5273A8932DF79E5B1F9B1613 /* Pods-TranslateApplication.release.xcconfig */;
			buildSettings = {
				ASSETCATALOG_COMPILER_APPICON_NAME = AppIcon;
				ASSETCATALOG_COMPILER_GLOBAL_ACCENT_COLOR_NAME = AccentColor;
				CODE_SIGN_STYLE = Automatic;
				CURRENT_PROJECT_VERSION = 1;
				DEVELOPMENT_TEAM = VW2UR5Y845;
				GENERATE_INFOPLIST_FILE = YES;
				INFOPLIST_FILE = TranslateApplication/Info.plist;
				INFOPLIST_KEY_UIApplicationSupportsIndirectInputEvents = YES;
				INFOPLIST_KEY_UILaunchStoryboardName = LaunchScreen;
				INFOPLIST_KEY_UISupportedInterfaceOrientations_iPad = "UIInterfaceOrientationPortrait UIInterfaceOrientationPortraitUpsideDown UIInterfaceOrientationLandscapeLeft UIInterfaceOrientationLandscapeRight";
				INFOPLIST_KEY_UISupportedInterfaceOrientations_iPhone = "UIInterfaceOrientationPortrait UIInterfaceOrientationLandscapeLeft UIInterfaceOrientationLandscapeRight";
				LD_RUNPATH_SEARCH_PATHS = (
					"$(inherited)",
					"@executable_path/Frameworks",
				);
				MARKETING_VERSION = 1.0;
				PRODUCT_BUNDLE_IDENTIFIER = com.junhyeok.TranslateApplication;
				PRODUCT_NAME = "$(TARGET_NAME)";
				SWIFT_EMIT_LOC_STRINGS = YES;
				SWIFT_VERSION = 5.0;
				TARGETED_DEVICE_FAMILY = "1,2";
			};
			name = Release;
		};
/* End XCBuildConfiguration section */

/* Begin XCConfigurationList section */
		6669F38C2967DF5700DD9371 /* Build configuration list for PBXProject "TranslateApplication" */ = {
			isa = XCConfigurationList;
			buildConfigurations = (
				6669F3A32967DF5800DD9371 /* Debug */,
				6669F3A42967DF5800DD9371 /* Release */,
			);
			defaultConfigurationIsVisible = 0;
			defaultConfigurationName = Release;
		};
		6669F3A52967DF5800DD9371 /* Build configuration list for PBXNativeTarget "TranslateApplication" */ = {
			isa = XCConfigurationList;
			buildConfigurations = (
				6669F3A62967DF5800DD9371 /* Debug */,
				6669F3A72967DF5800DD9371 /* Release */,
			);
			defaultConfigurationIsVisible = 0;
			defaultConfigurationName = Release;
		};
/* End XCConfigurationList section */
	};
	rootObject = 6669F3892967DF5700DD9371 /* Project object */;
}
